
Microsoft Visual Studio Solution File, Format Version 12.00
# Visual Studio Version 17
VisualStudioVersion = 17.0.31903.59
MinimumVisualStudioVersion = 10.0.40219.1
Project("{9A19103F-16F7-4668-BE54-9A1E7A4F7556}") = "Service.Domain", "Service.Domain\Service.Domain.csproj", "{A15B43CB-9A56-49BA-9926-F88D4021DB92}"
EndProject
Project("{9A19103F-16F7-4668-BE54-9A1E7A4F7556}") = "Service.Application", "Service.Application\Service.Application.csproj", "{55073A0E-37C9-4F82-BF24-55588B8A4243}"
EndProject
Project("{9A19103F-16F7-4668-BE54-9A1E7A4F7556}") = "Service.Api", "Service.Api\Service.Api.csproj", "{3DD569E0-12BB-44A7-A598-1E04272C08DC}"
EndProject
Project("{2150E333-8FDC-42A3-9474-1A3956D46DE8}") = "ServiceManagement", "ServiceManagement", "{AF7D0B84-9410-4318-973B-2EF209387976}"
EndProject
Project("{2150E333-8FDC-42A3-9474-1A3956D46DE8}") = "OrderManagement", "OrderManagement", "{F7F9F623-C0B0-4F96-A3D5-1EFDFB3E402B}"
EndProject
Project("{9A19103F-16F7-4668-BE54-9A1E7A4F7556}") = "Order.Application", "Order.Application\Order.Application.csproj", "{CD31208A-73FB-4CC0-9BBE-A1D945037858}"
EndProject
Project("{9A19103F-16F7-4668-BE54-9A1E7A4F7556}") = "Order.Domain", "Order.Domain\Order.Domain.csproj", "{F9CB04FB-9041-4851-B404-83F4604BBF0A}"
EndProject
Project("{9A19103F-16F7-4668-BE54-9A1E7A4F7556}") = "Order.Api", "Order.Api\Order.Api.csproj", "{BBD1E23C-974C-4C20-A457-744D083ECB21}"
EndProject
Project("{E53339B2-1760-4266-BCC7-CA923CBCF16C}") = "docker-compose", "docker-compose.dcproj", "{F4989E5A-233A-4359-881B-C8FE8580395D}"
EndProject
Project("{2150E333-8FDC-42A3-9474-1A3956D46DE8}") = "Gateway", "Gateway", "{F8FDFFF7-546F-4578-B5A5-DC822CE6D9DC}"
EndProject
Project("{9A19103F-16F7-4668-BE54-9A1E7A4F7556}") = "ApiGateway", "ApiGateway\ApiGateway.csproj", "{5032677F-EDE4-4BB0-BB04-BB691559F3F3}"
EndProject
Project("{2150E333-8FDC-42A3-9474-1A3956D46DE8}") = "DiscountManagement", "DiscountManagement", "{C268EEC2-DB76-410B-B0EA-D3A5582C6D62}"
EndProject
Project("{9A19103F-16F7-4668-BE54-9A1E7A4F7556}") = "Discount.Api", "Discount.Api\Discount.Api.csproj", "{665FC44B-27F9-451D-A85D-1A074ABE698C}"
EndProject
Project("{9A19103F-16F7-4668-BE54-9A1E7A4F7556}") = "Discount.Application", "Discount.Application\Discount.Application.csproj", "{7D0CA8A3-23E8-44E9-8B31-86ECB4108751}"
EndProject
Project("{9A19103F-16F7-4668-BE54-9A1E7A4F7556}") = "Discount.Domain", "Discount.Domain\Discount.Domain.csproj", "{3CB9AA86-EC3B-4533-BDF8-483F2ECF141C}"
EndProject
Global
	GlobalSection(SolutionConfigurationPlatforms) = preSolution
		Debug|Any CPU = Debug|Any CPU
		Release|Any CPU = Release|Any CPU
	EndGlobalSection
	GlobalSection(ProjectConfigurationPlatforms) = postSolution
		{A15B43CB-9A56-49BA-9926-F88D4021DB92}.Debug|Any CPU.ActiveCfg = Debug|Any CPU
		{A15B43CB-9A56-49BA-9926-F88D4021DB92}.Debug|Any CPU.Build.0 = Debug|Any CPU
		{A15B43CB-9A56-49BA-9926-F88D4021DB92}.Release|Any CPU.ActiveCfg = Release|Any CPU
		{A15B43CB-9A56-49BA-9926-F88D4021DB92}.Release|Any CPU.Build.0 = Release|Any CPU
		{55073A0E-37C9-4F82-BF24-55588B8A4243}.Debug|Any CPU.ActiveCfg = Debug|Any CPU
		{55073A0E-37C9-4F82-BF24-55588B8A4243}.Debug|Any CPU.Build.0 = Debug|Any CPU
		{55073A0E-37C9-4F82-BF24-55588B8A4243}.Release|Any CPU.ActiveCfg = Release|Any CPU
		{55073A0E-37C9-4F82-BF24-55588B8A4243}.Release|Any CPU.Build.0 = Release|Any CPU
		{3DD569E0-12BB-44A7-A598-1E04272C08DC}.Debug|Any CPU.ActiveCfg = Debug|Any CPU
		{3DD569E0-12BB-44A7-A598-1E04272C08DC}.Debug|Any CPU.Build.0 = Debug|Any CPU
		{3DD569E0-12BB-44A7-A598-1E04272C08DC}.Release|Any CPU.ActiveCfg = Release|Any CPU
		{3DD569E0-12BB-44A7-A598-1E04272C08DC}.Release|Any CPU.Build.0 = Release|Any CPU
		{CD31208A-73FB-4CC0-9BBE-A1D945037858}.Debug|Any CPU.ActiveCfg = Debug|Any CPU
		{CD31208A-73FB-4CC0-9BBE-A1D945037858}.Debug|Any CPU.Build.0 = Debug|Any CPU
		{CD31208A-73FB-4CC0-9BBE-A1D945037858}.Release|Any CPU.ActiveCfg = Release|Any CPU
		{CD31208A-73FB-4CC0-9BBE-A1D945037858}.Release|Any CPU.Build.0 = Release|Any CPU
		{F9CB04FB-9041-4851-B404-83F4604BBF0A}.Debug|Any CPU.ActiveCfg = Debug|Any CPU
		{F9CB04FB-9041-4851-B404-83F4604BBF0A}.Debug|Any CPU.Build.0 = Debug|Any CPU
		{F9CB04FB-9041-4851-B404-83F4604BBF0A}.Release|Any CPU.ActiveCfg = Release|Any CPU
		{F9CB04FB-9041-4851-B404-83F4604BBF0A}.Release|Any CPU.Build.0 = Release|Any CPU
		{BBD1E23C-974C-4C20-A457-744D083ECB21}.Debug|Any CPU.ActiveCfg = Debug|Any CPU
		{BBD1E23C-974C-4C20-A457-744D083ECB21}.Debug|Any CPU.Build.0 = Debug|Any CPU
		{BBD1E23C-974C-4C20-A457-744D083ECB21}.Release|Any CPU.ActiveCfg = Release|Any CPU
		{BBD1E23C-974C-4C20-A457-744D083ECB21}.Release|Any CPU.Build.0 = Release|Any CPU
		{F4989E5A-233A-4359-881B-C8FE8580395D}.Debug|Any CPU.ActiveCfg = Debug|Any CPU
		{F4989E5A-233A-4359-881B-C8FE8580395D}.Debug|Any CPU.Build.0 = Debug|Any CPU
		{F4989E5A-233A-4359-881B-C8FE8580395D}.Release|Any CPU.ActiveCfg = Release|Any CPU
		{F4989E5A-233A-4359-881B-C8FE8580395D}.Release|Any CPU.Build.0 = Release|Any CPU
		{5032677F-EDE4-4BB0-BB04-BB691559F3F3}.Debug|Any CPU.ActiveCfg = Debug|Any CPU
		{5032677F-EDE4-4BB0-BB04-BB691559F3F3}.Debug|Any CPU.Build.0 = Debug|Any CPU
		{5032677F-EDE4-4BB0-BB04-BB691559F3F3}.Release|Any CPU.ActiveCfg = Release|Any CPU
		{5032677F-EDE4-4BB0-BB04-BB691559F3F3}.Release|Any CPU.Build.0 = Release|Any CPU
		{665FC44B-27F9-451D-A85D-1A074ABE698C}.Debug|Any CPU.ActiveCfg = Debug|Any CPU
		{665FC44B-27F9-451D-A85D-1A074ABE698C}.Debug|Any CPU.Build.0 = Debug|Any CPU
		{665FC44B-27F9-451D-A85D-1A074ABE698C}.Release|Any CPU.ActiveCfg = Release|Any CPU
		{665FC44B-27F9-451D-A85D-1A074ABE698C}.Release|Any CPU.Build.0 = Release|Any CPU
		{7D0CA8A3-23E8-44E9-8B31-86ECB4108751}.Debug|Any CPU.ActiveCfg = Debug|Any CPU
		{7D0CA8A3-23E8-44E9-8B31-86ECB4108751}.Debug|Any CPU.Build.0 = Debug|Any CPU
		{7D0CA8A3-23E8-44E9-8B31-86ECB4108751}.Release|Any CPU.ActiveCfg = Release|Any CPU
		{7D0CA8A3-23E8-44E9-8B31-86ECB4108751}.Release|Any CPU.Build.0 = Release|Any CPU
		{3CB9AA86-EC3B-4533-BDF8-483F2ECF141C}.Debug|Any CPU.ActiveCfg = Debug|Any CPU
		{3CB9AA86-EC3B-4533-BDF8-483F2ECF141C}.Debug|Any CPU.Build.0 = Debug|Any CPU
		{3CB9AA86-EC3B-4533-BDF8-483F2ECF141C}.Release|Any CPU.ActiveCfg = Release|Any CPU
		{3CB9AA86-EC3B-4533-BDF8-483F2ECF141C}.Release|Any CPU.Build.0 = Release|Any CPU
	EndGlobalSection
	GlobalSection(SolutionProperties) = preSolution
		HideSolutionNode = FALSE
	EndGlobalSection
	GlobalSection(NestedProjects) = preSolution
		{A15B43CB-9A56-49BA-9926-F88D4021DB92} = {AF7D0B84-9410-4318-973B-2EF209387976}
		{55073A0E-37C9-4F82-BF24-55588B8A4243} = {AF7D0B84-9410-4318-973B-2EF209387976}
		{3DD569E0-12BB-44A7-A598-1E04272C08DC} = {AF7D0B84-9410-4318-973B-2EF209387976}
		{CD31208A-73FB-4CC0-9BBE-A1D945037858} = {F7F9F623-C0B0-4F96-A3D5-1EFDFB3E402B}
		{F9CB04FB-9041-4851-B404-83F4604BBF0A} = {F7F9F623-C0B0-4F96-A3D5-1EFDFB3E402B}
		{BBD1E23C-974C-4C20-A457-744D083ECB21} = {F7F9F623-C0B0-4F96-A3D5-1EFDFB3E402B}
		{5032677F-EDE4-4BB0-BB04-BB691559F3F3} = {F8FDFFF7-546F-4578-B5A5-DC822CE6D9DC}
		{665FC44B-27F9-451D-A85D-1A074ABE698C} = {C268EEC2-DB76-410B-B0EA-D3A5582C6D62}
		{7D0CA8A3-23E8-44E9-8B31-86ECB4108751} = {C268EEC2-DB76-410B-B0EA-D3A5582C6D62}
		{3CB9AA86-EC3B-4533-BDF8-483F2ECF141C} = {C268EEC2-DB76-410B-B0EA-D3A5582C6D62}
	EndGlobalSection
	GlobalSection(ExtensibilityGlobals) = postSolution
		SolutionGuid = {3C5F96D6-E01A-4D15-A36A-5FAFF1D0939C}
	EndGlobalSection
EndGlobal
